
Microsoft Visual Studio Solution File, Format Version 12.00
# Visual Studio 2015
Project("{FAE04EC0-301F-11D3-BF4B-00C04F79EFBC}") = "Base_Project.CSharp", "Base_Project.CSharp.csproj", "{E1903F2F-64BC-10C3-BE0B-F852F36CB941}"
EndProject
Project("{FAE04EC0-301F-11D3-BF4B-00C04F79EFBC}") = "Base_Project.CSharp.Editor", "Base_Project.CSharp.Editor.csproj", "{EE7F9295-5186-3E66-67CA-3176FA4DBA18}"
EndProject
Global
	GlobalSection(SolutionConfigurationPlatforms) = preSolution
		Debug|Any CPU = Debug|Any CPU
		Release|Any CPU = Release|Any CPU
	EndGlobalSection
	GlobalSection(ProjectConfigurationPlatforms) = postSolution
		{E1903F2F-64BC-10C3-BE0B-F852F36CB941}.Debug|Any CPU.ActiveCfg = Debug|Any CPU
		{E1903F2F-64BC-10C3-BE0B-F852F36CB941}.Debug|Any CPU.Build.0 = Debug|Any CPU
		{E1903F2F-64BC-10C3-BE0B-F852F36CB941}.Release|Any CPU.ActiveCfg = Release|Any CPU
		{E1903F2F-64BC-10C3-BE0B-F852F36CB941}.Release|Any CPU.Build.0 = Release|Any CPU
		{EE7F9295-5186-3E66-67CA-3176FA4DBA18}.Debug|Any CPU.ActiveCfg = Debug|Any CPU
		{EE7F9295-5186-3E66-67CA-3176FA4DBA18}.Debug|Any CPU.Build.0 = Debug|Any CPU
		{EE7F9295-5186-3E66-67CA-3176FA4DBA18}.Release|Any CPU.ActiveCfg = Release|Any CPU
		{EE7F9295-5186-3E66-67CA-3176FA4DBA18}.Release|Any CPU.Build.0 = Release|Any CPU
	EndGlobalSection
	GlobalSection(SolutionProperties) = preSolution
		HideSolutionNode = FALSE
	EndGlobalSection
EndGlobal
